
Microsoft Visual Studio Solution File, Format Version 12.00
# Visual Studio Version 17
VisualStudioVersion = 17.9.34902.65
MinimumVisualStudioVersion = 10.0.40219.1
Project("{FAE04EC0-301F-11D3-BF4B-00C04F79EFBC}") = "SoliChessSolver", "SoliChessSolver\SoliChessSolver.csproj", "{E81257FB-9833-456E-825C-ABC45A67B0C3}"
EndProject
Global
	GlobalSection(SolutionConfigurationPlatforms) = preSolution
		Debug|Any CPU = Debug|Any CPU
		Release|Any CPU = Release|Any CPU
	EndGlobalSection
	GlobalSection(ProjectConfigurationPlatforms) = postSolution
		{E81257FB-9833-456E-825C-ABC45A67B0C3}.Debug|Any CPU.ActiveCfg = Debug|Any CPU
		{E81257FB-9833-456E-825C-ABC45A67B0C3}.Debug|Any CPU.Build.0 = Debug|Any CPU
		{E81257FB-9833-456E-825C-ABC45A67B0C3}.Release|Any CPU.ActiveCfg = Release|Any CPU
		{E81257FB-9833-456E-825C-ABC45A67B0C3}.Release|Any CPU.Build.0 = Release|Any CPU
	EndGlobalSection
	GlobalSection(SolutionProperties) = preSolution
		HideSolutionNode = FALSE
	EndGlobalSection
	GlobalSection(ExtensibilityGlobals) = postSolution
		SolutionGuid = {6E5545FB-D54C-41E9-BE3D-BC3A6A72F7AE}
	EndGlobalSection
EndGlobal
